{
  "name": "blackjack-browser-storage-research",
  "lockfileVersion": 3,
  "requires": true,
  "packages": {
    "": {
      "name": "blackjack-browser-storage-research",
      "dependencies": {
        "dexie": "4.4.4",
        "idb": "8.0.3"
      }
    },
    "node_modules/dexie": {
      "version": "4.4.4",
      "resolved": "https://registry.npmjs.org/dexie/-/dexie-4.4.4.tgz",
      "integrity": "sha512-jIwsYI8Os2hgnqc6O49YwFDKGc5v5QjGx0wPVp543ip1F53VFAKMLthV2pQosQcVTv3eAskTWYspOx195PM0FQ==",
      "license": "Apache-2.0"
    },
    "node_modules/idb": {
      "version": "8.0.3",
      "resolved": "https://registry.npmjs.org/idb/-/idb-8.0.3.tgz",
      "integrity": "sha512-LtwtVyVYO5BqRvcsKuB2iUMnHwPVByPCXFXOpuU96IZPPoPN6xjOGxZQ74pgSVVLQWtUOYgyeL4GE98BY5D3wg==",
      "license": "ISC"
    }
  }
}
